// !$*UTF8*$!
{
	archiveVersion = 1;
	classes = {
	};
	objectVersion = 46;
	objects = {

/* Begin PBXBuildFile section */
		DD7313111CFCD86E0037DFFE /* CircleBackgroundView.swift in Sources */ = {isa = PBXBuildFile; fileRef = DD7313101CFCD86E0037DFFE /* CircleBackgroundView.swift */; };
		DDB1DDEE1CF2A49E00084354 /* ExerciseView.swift in Sources */ = {isa = PBXBuildFile; fileRef = DDB1DDED1CF2A49E00084354 /* ExerciseView.swift */; };
		DDC676721CEBB5A700D9E8FB /* AppDelegate.swift in Sources */ = {isa = PBXBuildFile; fileRef = DDC676711CEBB5A700D9E8FB /* AppDelegate.swift */; };
		DDC676741CEBB5A700D9E8FB /* MainViewController.swift in Sources */ = {isa = PBXBuildFile; fileRef = DDC676731CEBB5A700D9E8FB /* MainViewController.swift */; };
		DDC676771CEBB5A700D9E8FB /* Main.storyboard in Resources */ = {isa = PBXBuildFile; fileRef = DDC676751CEBB5A700D9E8FB /* Main.storyboard */; };
		DDC676791CEBB5A700D9E8FB /* Assets.xcassets in Resources */ = {isa = PBXBuildFile; fileRef = DDC676781CEBB5A700D9E8FB /* Assets.xcassets */; };
		DDC6767C1CEBB5A700D9E8FB /* LaunchScreen.storyboard in Resources */ = {isa = PBXBuildFile; fileRef = DDC6767A1CEBB5A700D9E8FB /* LaunchScreen.storyboard */; };
		DDC676861CED6A9300D9E8FB /* CircleView.swift in Sources */ = {isa = PBXBuildFile; fileRef = DDC676851CED6A9300D9E8FB /* CircleView.swift */; };
		DDC6768A1CEF916700D9E8FB /* ExercisesViewController.swift in Sources */ = {isa = PBXBuildFile; fileRef = DDC676891CEF916700D9E8FB /* ExercisesViewController.swift */; };
		DDC6768C1CEF930600D9E8FB /* Exercise.swift in Sources */ = {isa = PBXBuildFile; fileRef = DDC6768B1CEF930600D9E8FB /* Exercise.swift */; };
		DDC6768E1CEF94F700D9E8FB /* ExercisesTableViewCell.swift in Sources */ = {isa = PBXBuildFile; fileRef = DDC6768D1CEF94F700D9E8FB /* ExercisesTableViewCell.swift */; };
		DDC676901CEF957A00D9E8FB /* CheckBoxView.swift in Sources */ = {isa = PBXBuildFile; fileRef = DDC6768F1CEF957A00D9E8FB /* CheckBoxView.swift */; };
/* End PBXBuildFile section */

/* Begin PBXFileReference section */
		DD7313101CFCD86E0037DFFE /* CircleBackgroundView.swift */ = {isa = PBXFileReference; fileEncoding = 4; lastKnownFileType = sourcecode.swift; path = CircleBackgroundView.swift; sourceTree = "<group>"; };
		DDB1DDED1CF2A49E00084354 /* ExerciseView.swift */ = {isa = PBXFileReference; fileEncoding = 4; lastKnownFileType = sourcecode.swift; path = ExerciseView.swift; sourceTree = "<group>"; };
		DDC6766E1CEBB5A700D9E8FB /* Tabata Extreme.app */ = {isa = PBXFileReference; explicitFileType = wrapper.application; includeInIndex = 0; path = "Tabata Extreme.app"; sourceTree = BUILT_PRODUCTS_DIR; };
		DDC676711CEBB5A700D9E8FB /* AppDelegate.swift */ = {isa = PBXFileReference; lastKnownFileType = sourcecode.swift; path = AppDelegate.swift; sourceTree = "<group>"; };
		DDC676731CEBB5A700D9E8FB /* MainViewController.swift */ = {isa = PBXFileReference; lastKnownFileType = sourcecode.swift; path = MainViewController.swift; sourceTree = "<group>"; };
		DDC676761CEBB5A700D9E8FB /* Base */ = {isa = PBXFileReference; lastKnownFileType = file.storyboard; name = Base; path = Base.lproj/Main.storyboard; sourceTree = "<group>"; };
		DDC676781CEBB5A700D9E8FB /* Assets.xcassets */ = {isa = PBXFileReference; lastKnownFileType = folder.assetcatalog; path = Assets.xcassets; sourceTree = "<group>"; };
		DDC6767B1CEBB5A700D9E8FB /* Base */ = {isa = PBXFileReference; lastKnownFileType = file.storyboard; name = Base; path = Base.lproj/LaunchScreen.storyboard; sourceTree = "<group>"; };
		DDC6767D1CEBB5A700D9E8FB /* Info.plist */ = {isa = PBXFileReference; lastKnownFileType = text.plist.xml; path = Info.plist; sourceTree = "<group>"; };
		DDC676851CED6A9300D9E8FB /* CircleView.swift */ = {isa = PBXFileReference; fileEncoding = 4; lastKnownFileType = sourcecode.swift; path = CircleView.swift; sourceTree = "<group>"; };
		DDC676891CEF916700D9E8FB /* ExercisesViewController.swift */ = {isa = PBXFileReference; fileEncoding = 4; lastKnownFileType = sourcecode.swift; path = ExercisesViewController.swift; sourceTree = "<group>"; };
		DDC6768B1CEF930600D9E8FB /* Exercise.swift */ = {isa = PBXFileReference; fileEncoding = 4; lastKnownFileType = sourcecode.swift; path = Exercise.swift; sourceTree = "<group>"; };
		DDC6768D1CEF94F700D9E8FB /* ExercisesTableViewCell.swift */ = {isa = PBXFileReference; fileEncoding = 4; lastKnownFileType = sourcecode.swift; path = ExercisesTableViewCell.swift; sourceTree = "<group>"; };
		DDC6768F1CEF957A00D9E8FB /* CheckBoxView.swift */ = {isa = PBXFileReference; fileEncoding = 4; lastKnownFileType = sourcecode.swift; path = CheckBoxView.swift; sourceTree = "<group>"; };
/* End PBXFileReference section */

/* Begin PBXFrameworksBuildPhase section */
		DDC6766B1CEBB5A700D9E8FB /* Frameworks */ = {
			isa = PBXFrameworksBuildPhase;
			buildActionMask = 2147483647;
			files = (
			);
			runOnlyForDeploymentPostprocessing = 0;
		};
/* End PBXFrameworksBuildPhase section */

/* Begin PBXGroup section */
		DDC676651CEBB5A700D9E8FB = {
			isa = PBXGroup;
			children = (
				DDC676701CEBB5A700D9E8FB /* Tabata Extreme */,
				DDC6766F1CEBB5A700D9E8FB /* Products */,
			);
			sourceTree = "<group>";
		};
		DDC6766F1CEBB5A700D9E8FB /* Products */ = {
			isa = PBXGroup;
			children = (
				DDC6766E1CEBB5A700D9E8FB /* Tabata Extreme.app */,
			);
			name = Products;
			sourceTree = "<group>";
		};
		DDC676701CEBB5A700D9E8FB /* Tabata Extreme */ = {
			isa = PBXGroup;
			children = (
				DDC676711CEBB5A700D9E8FB /* AppDelegate.swift */,
				DDC676731CEBB5A700D9E8FB /* MainViewController.swift */,
				DDC676891CEF916700D9E8FB /* ExercisesViewController.swift */,
				DDC6768D1CEF94F700D9E8FB /* ExercisesTableViewCell.swift */,
				DDC6768F1CEF957A00D9E8FB /* CheckBoxView.swift */,
				DDC676851CED6A9300D9E8FB /* CircleView.swift */,
				DD7313101CFCD86E0037DFFE /* CircleBackgroundView.swift */,
				DDB1DDED1CF2A49E00084354 /* ExerciseView.swift */,
				DDC6768B1CEF930600D9E8FB /* Exercise.swift */,
				DDC676751CEBB5A700D9E8FB /* Main.storyboard */,
				DDC676781CEBB5A700D9E8FB /* Assets.xcassets */,
				DDC6767A1CEBB5A700D9E8FB /* LaunchScreen.storyboard */,
				DDC6767D1CEBB5A700D9E8FB /* Info.plist */,
			);
			path = "Tabata Extreme";
			sourceTree = "<group>";
		};
/* End PBXGroup section */

/* Begin PBXNativeTarget section */
		DDC6766D1CEBB5A700D9E8FB /* Tabata Extreme */ = {
			isa = PBXNativeTarget;
			buildConfigurationList = DDC676801CEBB5A700D9E8FB /* Build configuration list for PBXNativeTarget "Tabata Extreme" */;
			buildPhases = (
				DDC6766A1CEBB5A700D9E8FB /* Sources */,
				DDC6766B1CEBB5A700D9E8FB /* Frameworks */,
				DDC6766C1CEBB5A700D9E8FB /* Resources */,
			);
			buildRules = (
			);
			dependencies = (
			);
			name = "Tabata Extreme";
			productName = "Tabata Extreme";
			productReference = DDC6766E1CEBB5A700D9E8FB /* Tabata Extreme.app */;
			productType = "com.apple.product-type.application";
		};
/* End PBXNativeTarget section */

/* Begin PBXProject section */
		DDC676661CEBB5A700D9E8FB /* Project object */ = {
			isa = PBXProject;
			attributes = {
				LastSwiftUpdateCheck = 0730;
				LastUpgradeCheck = 0730;
				ORGANIZATIONNAME = "Matthew Ehlers";
				TargetAttributes = {
					DDC6766D1CEBB5A700D9E8FB = {
						CreatedOnToolsVersion = 7.3;
						DevelopmentTeam = TVPTTUCV3Z;
					};
				};
			};
			buildConfigurationList = DDC676691CEBB5A700D9E8FB /* Build configuration list for PBXProject "Tabata Extreme" */;
			compatibilityVersion = "Xcode 3.2";
			developmentRegion = English;
			hasScannedForEncodings = 0;
			knownRegions = (
				en,
				Base,
			);
			mainGroup = DDC676651CEBB5A700D9E8FB;
			productRefGroup = DDC6766F1CEBB5A700D9E8FB /* Products */;
			projectDirPath = "";
			projectRoot = "";
			targets = (
				DDC6766D1CEBB5A700D9E8FB /* Tabata Extreme */,
			);
		};
/* End PBXProject section */

/* Begin PBXResourcesBuildPhase section */
		DDC6766C1CEBB5A700D9E8FB /* Resources */ = {
			isa = PBXResourcesBuildPhase;
			buildActionMask = 2147483647;
			files = (
				DDC6767C1CEBB5A700D9E8FB /* LaunchScreen.storyboard in Resources */,
				DDC676791CEBB5A700D9E8FB /* Assets.xcassets in Resources */,
				DDC676771CEBB5A700D9E8FB /* Main.storyboard in Resources */,
			);
			runOnlyForDeploymentPostprocessing = 0;
		};
/* End PBXResourcesBuildPhase section */

/* Begin PBXSourcesBuildPhase section */
		DDC6766A1CEBB5A700D9E8FB /* Sources */ = {
			isa = PBXSourcesBuildPhase;
			buildActionMask = 2147483647;
			files = (
				DDB1DDEE1CF2A49E00084354 /* ExerciseView.swift in Sources */,
				DDC676861CED6A9300D9E8FB /* CircleView.swift in Sources */,
				DDC676741CEBB5A700D9E8FB /* MainViewController.swift in Sources */,
				DDC676721CEBB5A700D9E8FB /* AppDelegate.swift in Sources */,
				DDC6768A1CEF916700D9E8FB /* ExercisesViewController.swift in Sources */,
				DDC6768C1CEF930600D9E8FB /* Exercise.swift in Sources */,
				DDC6768E1CEF94F700D9E8FB /* ExercisesTableViewCell.swift in Sources */,
				DDC676901CEF957A00D9E8FB /* CheckBoxView.swift in Sources */,
				DD7313111CFCD86E0037DFFE /* CircleBackgroundView.swift in Sources */,
			);
			runOnlyForDeploymentPostprocessing = 0;
		};
/* End PBXSourcesBuildPhase section */

/* Begin PBXVariantGroup section */
		DDC676751CEBB5A700D9E8FB /* Main.storyboard */ = {
			isa = PBXVariantGroup;
			children = (
				DDC676761CEBB5A700D9E8FB /* Base */,
			);
			name = Main.storyboard;
			sourceTree = "<group>";
		};
		DDC6767A1CEBB5A700D9E8FB /* LaunchScreen.storyboard */ = {
			isa = PBXVariantGroup;
			children = (
				DDC6767B1CEBB5A700D9E8FB /* Base */,
			);
			name = LaunchScreen.storyboard;
			sourceTree = "<group>";
		};
/* End PBXVariantGroup section */

/* Begin XCBuildConfiguration section */
		DDC6767E1CEBB5A700D9E8FB /* Debug */ = {
			isa = XCBuildConfiguration;
			buildSettings = {
				ALWAYS_SEARCH_USER_PATHS = NO;
				CLANG_ANALYZER_NONNULL = YES;
				CLANG_CXX_LANGUAGE_STANDARD = "gnu++0x";
				CLANG_CXX_LIBRARY = "libc++";
				CLANG_ENABLE_MODULES = YES;
				CLANG_ENABLE_OBJC_ARC = YES;
				CLANG_WARN_BOOL_CONVERSION = YES;
				CLANG_WARN_CONSTANT_CONVERSION = YES;
				CLANG_WARN_DIRECT_OBJC_ISA_USAGE = YES_ERROR;
				CLANG_WARN_EMPTY_BODY = YES;
				CLANG_WARN_ENUM_CONVERSION = YES;
				CLANG_WARN_INT_CONVERSION = YES;
				CLANG_WARN_OBJC_ROOT_CLASS = YES_ERROR;
				CLANG_WARN_UNREACHABLE_CODE = YES;
				CLANG_WARN__DUPLICATE_METHOD_MATCH = YES;
				"CODE_SIGN_IDENTITY[sdk=iphoneos*]" = "iPhone Developer";
				COPY_PHASE_STRIP = NO;
				DEBUG_INFORMATION_FORMAT = dwarf;
				ENABLE_STRICT_OBJC_MSGSEND = YES;
				ENABLE_TESTABILITY = YES;
				GCC_C_LANGUAGE_STANDARD = gnu99;
				GCC_DYNAMIC_NO_PIC = NO;
				GCC_NO_COMMON_BLOCKS = YES;
				GCC_OPTIMIZATION_LEVEL = 0;
				GCC_PREPROCESSOR_DEFINITIONS = (
					"DEBUG=1",
					"$(inherited)",
				);
				GCC_WARN_64_TO_32_BIT_CONVERSION = YES;
				GCC_WARN_ABOUT_RETURN_TYPE = YES_ERROR;
				GCC_WARN_UNDECLARED_SELECTOR = YES;
				GCC_WARN_UNINITIALIZED_AUTOS = YES_AGGRESSIVE;
				GCC_WARN_UNUSED_FUNCTION = YES;
				GCC_WARN_UNUSED_VARIABLE = YES;
				IPHONEOS_DEPLOYMENT_TARGET = 9.3;
				MTL_ENABLE_DEBUG_INFO = YES;
				ONLY_ACTIVE_ARCH = YES;
				SDKROOT = iphoneos;
				SWIFT_OPTIMIZATION_LEVEL = "-Onone";
				TARGETED_DEVICE_FAMILY = "1,2";
			};
			name = Debug;
		};
		DDC6767F1CEBB5A700D9E8FB /* Release */ = {
			isa = XCBuildConfiguration;
			buildSettings = {
				ALWAYS_SEARCH_USER_PATHS = NO;
				CLANG_ANALYZER_NONNULL = YES;
				CLANG_CXX_LANGUAGE_STANDARD = "gnu++0x";
				CLANG_CXX_LIBRARY = "libc++";
				CLANG_ENABLE_MODULES = YES;
				CLANG_ENABLE_OBJC_ARC = YES;
				CLANG_WARN_BOOL_CONVERSION = YES;
				CLANG_WARN_CONSTANT_CONVERSION = YES;
				CLANG_WARN_DIRECT_OBJC_ISA_USAGE = YES_ERROR;
				CLANG_WARN_EMPTY_BODY = YES;
				CLANG_WARN_ENUM_CONVERSION = YES;
				CLANG_WARN_INT_CONVERSION = YES;
				CLANG_WARN_OBJC_ROOT_CLASS = YES_ERROR;
				CLANG_WARN_UNREACHABLE_CODE = YES;
				CLANG_WARN__DUPLICATE_METHOD_MATCH = YES;
				"CODE_SIGN_IDENTITY[sdk=iphoneos*]" = "iPhone Developer";
				COPY_PHASE_STRIP = NO;
				DEBUG_INFORMATION_FORMAT = "dwarf-with-dsym";
				ENABLE_NS_ASSERTIONS = NO;
				ENABLE_STRICT_OBJC_MSGSEND = YES;
				GCC_C_LANGUAGE_STANDARD = gnu99;
				GCC_NO_COMMON_BLOCKS = YES;
				GCC_WARN_64_TO_32_BIT_CONVERSION = YES;
				GCC_WARN_ABOUT_RETURN_TYPE = YES_ERROR;
				GCC_WARN_UNDECLARED_SELECTOR = YES;
				GCC_WARN_UNINITIALIZED_AUTOS = YES_AGGRESSIVE;
				GCC_WARN_UNUSED_FUNCTION = YES;
				GCC_WARN_UNUSED_VARIABLE = YES;
				IPHONEOS_DEPLOYMENT_TARGET = 9.3;
				MTL_ENABLE_DEBUG_INFO = NO;
				SDKROOT = iphoneos;
				TARGETED_DEVICE_FAMILY = "1,2";
				VALIDATE_PRODUCT = YES;
			};
			name = Release;
		};
		DDC676811CEBB5A700D9E8FB /* Debug */ = {
			isa = XCBuildConfiguration;
			buildSettings = {
				ASSETCATALOG_COMPILER_APPICON_NAME = AppIcon;
				CODE_SIGN_IDENTITY = "iPhone Developer";
				"CODE_SIGN_IDENTITY[sdk=iphoneos*]" = "iPhone Developer";
				INFOPLIST_FILE = "Tabata Extreme/Info.plist";
				LD_RUNPATH_SEARCH_PATHS = "$(inherited) @executable_path/Frameworks";
				PRODUCT_BUNDLE_IDENTIFIER = "com.mattfunprojects.Tabata-Extreme";
				PRODUCT_NAME = "$(TARGET_NAME)";
				PROVISIONING_PROFILE = "";
			};
			name = Debug;
		};
		DDC676821CEBB5A700D9E8FB /* Release */ = {
			isa = XCBuildConfiguration;
			buildSettings = {
				ASSETCATALOG_COMPILER_APPICON_NAME = AppIcon;
				CODE_SIGN_IDENTITY = "iPhone Developer";
				"CODE_SIGN_IDENTITY[sdk=iphoneos*]" = "iPhone Developer";
				INFOPLIST_FILE = "Tabata Extreme/Info.plist";
				LD_RUNPATH_SEARCH_PATHS = "$(inherited) @executable_path/Frameworks";
				PRODUCT_BUNDLE_IDENTIFIER = "com.mattfunprojects.Tabata-Extreme";
				PRODUCT_NAME = "$(TARGET_NAME)";
				PROVISIONING_PROFILE = "";
			};
			name = Release;
		};
/* End XCBuildConfiguration section */

/* Begin XCConfigurationList section */
		DDC676691CEBB5A700D9E8FB /* Build configuration list for PBXProject "Tabata Extreme" */ = {
			isa = XCConfigurationList;
			buildConfigurations = (
				DDC6767E1CEBB5A700D9E8FB /* Debug */,
				DDC6767F1CEBB5A700D9E8FB /* Release */,
			);
			defaultConfigurationIsVisible = 0;
			defaultConfigurationName = Release;
		};
		DDC676801CEBB5A700D9E8FB /* Build configuration list for PBXNativeTarget "Tabata Extreme" */ = {
			isa = XCConfigurationList;
			buildConfigurations = (
				DDC676811CEBB5A700D9E8FB /* Debug */,
				DDC676821CEBB5A700D9E8FB /* Release */,
			);
			defaultConfigurationIsVisible = 0;
			defaultConfigurationName = Release;
		};
/* End XCConfigurationList section */
	};
	rootObject = DDC676661CEBB5A700D9E8FB /* Project object */;
}
